
Microsoft Visual Studio Solution File, Format Version 12.00
# Visual Studio Version 17
VisualStudioVersion = 17.0.32014.148
MinimumVisualStudioVersion = 10.0.40219.1
Project("{8BC9CEB8-8B4A-11D0-8D11-00A0C91BC942}") = "YeOldePapyrus", "YeOldePapyrus\YeOldePlugin.vcxproj", "{4D608E7E-FD4F-4725-BEC0-3B25D5B79A9F}"
EndProject
Project("{2150E333-8FDC-42A3-9474-1A3956D46DE8}") = "tasks", "tasks", "{963F8516-47D6-4A26-9D5A-0D696896AF13}"
	ProjectSection(SolutionItems) = preProject
		commands.json = commands.json
		deploy SE.cmd = deploy SE.cmd
		deploy VR.cmd = deploy VR.cmd
		Deploy yeolde-papyrus.cmd = Deploy yeolde-papyrus.cmd
	EndProjectSection
EndProject
Global
	GlobalSection(SolutionConfigurationPlatforms) = preSolution
		AE - Release|x64 = AE - Release|x64
		SE - Debug|x64 = SE - Debug|x64
		SE - Release|x64 = SE - Release|x64
		VR - Debug|x64 = VR - Debug|x64
		VR - Release|x64 = VR - Release|x64
	EndGlobalSection
	GlobalSection(ProjectConfigurationPlatforms) = postSolution
		{4D608E7E-FD4F-4725-BEC0-3B25D5B79A9F}.AE - Release|x64.ActiveCfg = AE - Release|x64
		{4D608E7E-FD4F-4725-BEC0-3B25D5B79A9F}.AE - Release|x64.Build.0 = AE - Release|x64
		{4D608E7E-FD4F-4725-BEC0-3B25D5B79A9F}.SE - Debug|x64.ActiveCfg = VR - Release|x64
		{4D608E7E-FD4F-4725-BEC0-3B25D5B79A9F}.SE - Debug|x64.Build.0 = VR - Release|x64
		{4D608E7E-FD4F-4725-BEC0-3B25D5B79A9F}.SE - Release|x64.ActiveCfg = SE - Release|x64
		{4D608E7E-FD4F-4725-BEC0-3B25D5B79A9F}.SE - Release|x64.Build.0 = SE - Release|x64
		{4D608E7E-FD4F-4725-BEC0-3B25D5B79A9F}.VR - Debug|x64.ActiveCfg = VR - Debug|x64
		{4D608E7E-FD4F-4725-BEC0-3B25D5B79A9F}.VR - Debug|x64.Build.0 = VR - Debug|x64
		{4D608E7E-FD4F-4725-BEC0-3B25D5B79A9F}.VR - Release|x64.ActiveCfg = VR - Release|x64
		{4D608E7E-FD4F-4725-BEC0-3B25D5B79A9F}.VR - Release|x64.Build.0 = VR - Release|x64
	EndGlobalSection
	GlobalSection(SolutionProperties) = preSolution
		HideSolutionNode = FALSE
	EndGlobalSection
	GlobalSection(ExtensibilityGlobals) = postSolution
		SolutionGuid = {9A824D15-1E72-453A-B3BB-714745C7D1B0}
	EndGlobalSection
EndGlobal
